// !$*UTF8*$!
{
	archiveVersion = 1;
	classes = {
	};
	objectVersion = 48;
	objects = {

/* Begin PBXBuildFile section */
		2B4879EE63936F12B8D28CCF /* Pods_CNRequestDemo.framework in Frameworks */ = {isa = PBXBuildFile; fileRef = 01C5973E50FA375CB27F1699 /* Pods_CNRequestDemo.framework */; };
		9FA0996F20A0329800481CF1 /* AppDelegate.swift in Sources */ = {isa = PBXBuildFile; fileRef = 9FA0996E20A0329800481CF1 /* AppDelegate.swift */; };
		9FA0997120A0329800481CF1 /* ViewController.swift in Sources */ = {isa = PBXBuildFile; fileRef = 9FA0997020A0329800481CF1 /* ViewController.swift */; };
		9FA0997420A0329800481CF1 /* Main.storyboard in Resources */ = {isa = PBXBuildFile; fileRef = 9FA0997220A0329800481CF1 /* Main.storyboard */; };
		9FA0997620A0329800481CF1 /* Assets.xcassets in Resources */ = {isa = PBXBuildFile; fileRef = 9FA0997520A0329800481CF1 /* Assets.xcassets */; };
		9FA0997920A0329800481CF1 /* LaunchScreen.storyboard in Resources */ = {isa = PBXBuildFile; fileRef = 9FA0997720A0329800481CF1 /* LaunchScreen.storyboard */; };
		9FA0998B20A038CD00481CF1 /* CNRequestBase.swift in Sources */ = {isa = PBXBuildFile; fileRef = 9FA0998820A038CD00481CF1 /* CNRequestBase.swift */; };
		9FA0998C20A038CD00481CF1 /* CNNetworkManager.swift in Sources */ = {isa = PBXBuildFile; fileRef = 9FA0998920A038CD00481CF1 /* CNNetworkManager.swift */; };
		9FA0998D20A038CD00481CF1 /* CNRequest.swift in Sources */ = {isa = PBXBuildFile; fileRef = 9FA0998A20A038CD00481CF1 /* CNRequest.swift */; };
/* End PBXBuildFile section */

/* Begin PBXFileReference section */
		01C5973E50FA375CB27F1699 /* Pods_CNRequestDemo.framework */ = {isa = PBXFileReference; explicitFileType = wrapper.framework; includeInIndex = 0; path = Pods_CNRequestDemo.framework; sourceTree = BUILT_PRODUCTS_DIR; };
		59ACB2C34F418C7475138F46 /* Pods-CNRequestDemo.debug.xcconfig */ = {isa = PBXFileReference; includeInIndex = 1; lastKnownFileType = text.xcconfig; name = "Pods-CNRequestDemo.debug.xcconfig"; path = "Pods/Target Support Files/Pods-CNRequestDemo/Pods-CNRequestDemo.debug.xcconfig"; sourceTree = "<group>"; };
		9FA0996B20A0329800481CF1 /* CNRequestDemo.app */ = {isa = PBXFileReference; explicitFileType = wrapper.application; includeInIndex = 0; path = CNRequestDemo.app; sourceTree = BUILT_PRODUCTS_DIR; };
		9FA0996E20A0329800481CF1 /* AppDelegate.swift */ = {isa = PBXFileReference; lastKnownFileType = sourcecode.swift; path = AppDelegate.swift; sourceTree = "<group>"; };
		9FA0997020A0329800481CF1 /* ViewController.swift */ = {isa = PBXFileReference; lastKnownFileType = sourcecode.swift; path = ViewController.swift; sourceTree = "<group>"; };
		9FA0997320A0329800481CF1 /* Base */ = {isa = PBXFileReference; lastKnownFileType = file.storyboard; name = Base; path = Base.lproj/Main.storyboard; sourceTree = "<group>"; };
		9FA0997520A0329800481CF1 /* Assets.xcassets */ = {isa = PBXFileReference; lastKnownFileType = folder.assetcatalog; path = Assets.xcassets; sourceTree = "<group>"; };
		9FA0997820A0329800481CF1 /* Base */ = {isa = PBXFileReference; lastKnownFileType = file.storyboard; name = Base; path = Base.lproj/LaunchScreen.storyboard; sourceTree = "<group>"; };
		9FA0997A20A0329800481CF1 /* Info.plist */ = {isa = PBXFileReference; lastKnownFileType = text.plist.xml; path = Info.plist; sourceTree = "<group>"; };
		9FA0998820A038CD00481CF1 /* CNRequestBase.swift */ = {isa = PBXFileReference; fileEncoding = 4; lastKnownFileType = sourcecode.swift; path = CNRequestBase.swift; sourceTree = "<group>"; };
		9FA0998920A038CD00481CF1 /* CNNetworkManager.swift */ = {isa = PBXFileReference; fileEncoding = 4; lastKnownFileType = sourcecode.swift; path = CNNetworkManager.swift; sourceTree = "<group>"; };
		9FA0998A20A038CD00481CF1 /* CNRequest.swift */ = {isa = PBXFileReference; fileEncoding = 4; lastKnownFileType = sourcecode.swift; path = CNRequest.swift; sourceTree = "<group>"; };
		BA372BF6183148C0EF0F1AA0 /* Pods-CNRequestDemo.release.xcconfig */ = {isa = PBXFileReference; includeInIndex = 1; lastKnownFileType = text.xcconfig; name = "Pods-CNRequestDemo.release.xcconfig"; path = "Pods/Target Support Files/Pods-CNRequestDemo/Pods-CNRequestDemo.release.xcconfig"; sourceTree = "<group>"; };
/* End PBXFileReference section */

/* Begin PBXFrameworksBuildPhase section */
		9FA0996820A0329800481CF1 /* Frameworks */ = {
			isa = PBXFrameworksBuildPhase;
			buildActionMask = 2147483647;
			files = (
				2B4879EE63936F12B8D28CCF /* Pods_CNRequestDemo.framework in Frameworks */,
			);
			runOnlyForDeploymentPostprocessing = 0;
		};
/* End PBXFrameworksBuildPhase section */

/* Begin PBXGroup section */
		9FA0996220A0329800481CF1 = {
			isa = PBXGroup;
			children = (
				9FA0998720A038CD00481CF1 /* Source */,
				9FA0996D20A0329800481CF1 /* CNRequestDemo */,
				9FA0996C20A0329800481CF1 /* Products */,
				EC02AC64D52DF49251E9A4B4 /* Pods */,
				B3A2F3D7D041CA3D3F3CCC69 /* Frameworks */,
			);
			sourceTree = "<group>";
		};
		9FA0996C20A0329800481CF1 /* Products */ = {
			isa = PBXGroup;
			children = (
				9FA0996B20A0329800481CF1 /* CNRequestDemo.app */,
			);
			name = Products;
			sourceTree = "<group>";
		};
		9FA0996D20A0329800481CF1 /* CNRequestDemo */ = {
			isa = PBXGroup;
			children = (
				9FA0996E20A0329800481CF1 /* AppDelegate.swift */,
				9FA0997020A0329800481CF1 /* ViewController.swift */,
				9FA0997220A0329800481CF1 /* Main.storyboard */,
				9FA0997520A0329800481CF1 /* Assets.xcassets */,
				9FA0997720A0329800481CF1 /* LaunchScreen.storyboard */,
				9FA0997A20A0329800481CF1 /* Info.plist */,
			);
			path = CNRequestDemo;
			sourceTree = "<group>";
		};
		9FA0998720A038CD00481CF1 /* Source */ = {
			isa = PBXGroup;
			children = (
				9FA0998820A038CD00481CF1 /* CNRequestBase.swift */,
				9FA0998920A038CD00481CF1 /* CNNetworkManager.swift */,
				9FA0998A20A038CD00481CF1 /* CNRequest.swift */,
			);
			path = Source;
			sourceTree = "<group>";
		};
		B3A2F3D7D041CA3D3F3CCC69 /* Frameworks */ = {
			isa = PBXGroup;
			children = (
				01C5973E50FA375CB27F1699 /* Pods_CNRequestDemo.framework */,
			);
			name = Frameworks;
			sourceTree = "<group>";
		};
		EC02AC64D52DF49251E9A4B4 /* Pods */ = {
			isa = PBXGroup;
			children = (
				59ACB2C34F418C7475138F46 /* Pods-CNRequestDemo.debug.xcconfig */,
				BA372BF6183148C0EF0F1AA0 /* Pods-CNRequestDemo.release.xcconfig */,
			);
			name = Pods;
			sourceTree = "<group>";
		};
/* End PBXGroup section */

/* Begin PBXNativeTarget section */
		9FA0996A20A0329800481CF1 /* CNRequestDemo */ = {
			isa = PBXNativeTarget;
			buildConfigurationList = 9FA0997D20A0329800481CF1 /* Build configuration list for PBXNativeTarget "CNRequestDemo" */;
			buildPhases = (
				DD3BD1535BFA2BA7985C7459 /* [CP] Check Pods Manifest.lock */,
				9FA0996720A0329800481CF1 /* Sources */,
				9FA0996820A0329800481CF1 /* Frameworks */,
				9FA0996920A0329800481CF1 /* Resources */,
				7C0D14B056E1CD58B6A1FA77 /* [CP] Embed Pods Frameworks */,
			);
			buildRules = (
			);
			dependencies = (
			);
			name = CNRequestDemo;
			productName = CNRequestDemo;
			productReference = 9FA0996B20A0329800481CF1 /* CNRequestDemo.app */;
			productType = "com.apple.product-type.application";
		};
/* End PBXNativeTarget section */

/* Begin PBXProject section */
		9FA0996320A0329800481CF1 /* Project object */ = {
			isa = PBXProject;
			attributes = {
				LastSwiftUpdateCheck = 0920;
				LastUpgradeCheck = 0920;
				ORGANIZATIONNAME = xiangzhen;
				TargetAttributes = {
					9FA0996A20A0329800481CF1 = {
						CreatedOnToolsVersion = 9.2;
						ProvisioningStyle = Automatic;
					};
				};
			};
			buildConfigurationList = 9FA0996620A0329800481CF1 /* Build configuration list for PBXProject "CNRequestDemo" */;
			compatibilityVersion = "Xcode 8.0";
			developmentRegion = en;
			hasScannedForEncodings = 0;
			knownRegions = (
				en,
				Base,
			);
			mainGroup = 9FA0996220A0329800481CF1;
			productRefGroup = 9FA0996C20A0329800481CF1 /* Products */;
			projectDirPath = "";
			projectRoot = "";
			targets = (
				9FA0996A20A0329800481CF1 /* CNRequestDemo */,
			);
		};
/* End PBXProject section */

/* Begin PBXResourcesBuildPhase section */
		9FA0996920A0329800481CF1 /* Resources */ = {
			isa = PBXResourcesBuildPhase;
			buildActionMask = 2147483647;
			files = (
				9FA0997920A0329800481CF1 /* LaunchScreen.storyboard in Resources */,
				9FA0997620A0329800481CF1 /* Assets.xcassets in Resources */,
				9FA0997420A0329800481CF1 /* Main.storyboard in Resources */,
			);
			runOnlyForDeploymentPostprocessing = 0;
		};
/* End PBXResourcesBuildPhase section */

/* Begin PBXShellScriptBuildPhase section */
		7C0D14B056E1CD58B6A1FA77 /* [CP] Embed Pods Frameworks */ = {
			isa = PBXShellScriptBuildPhase;
			buildActionMask = 2147483647;
			files = (
			);
			inputPaths = (
				"${SRCROOT}/Pods/Target Support Files/Pods-CNRequestDemo/Pods-CNRequestDemo-frameworks.sh",
				"${BUILT_PRODUCTS_DIR}/Alamofire/Alamofire.framework",
				"${BUILT_PRODUCTS_DIR}/RxSwift/RxSwift.framework",
			);
			name = "[CP] Embed Pods Frameworks";
			outputPaths = (
				"${TARGET_BUILD_DIR}/${FRAMEWORKS_FOLDER_PATH}/Alamofire.framework",
				"${TARGET_BUILD_DIR}/${FRAMEWORKS_FOLDER_PATH}/RxSwift.framework",
			);
			runOnlyForDeploymentPostprocessing = 0;
			shellPath = /bin/sh;
			shellScript = "\"${SRCROOT}/Pods/Target Support Files/Pods-CNRequestDemo/Pods-CNRequestDemo-frameworks.sh\"\n";
			showEnvVarsInLog = 0;
		};
		DD3BD1535BFA2BA7985C7459 /* [CP] Check Pods Manifest.lock */ = {
			isa = PBXShellScriptBuildPhase;
			buildActionMask = 2147483647;
			files = (
			);
			inputPaths = (
				"${PODS_PODFILE_DIR_PATH}/Podfile.lock",
				"${PODS_ROOT}/Manifest.lock",
			);
			name = "[CP] Check Pods Manifest.lock";
			outputPaths = (
				"$(DERIVED_FILE_DIR)/Pods-CNRequestDemo-checkManifestLockResult.txt",
			);
			runOnlyForDeploymentPostprocessing = 0;
			shellPath = /bin/sh;
			shellScript = "diff \"${PODS_PODFILE_DIR_PATH}/Podfile.lock\" \"${PODS_ROOT}/Manifest.lock\" > /dev/null\nif [ $? != 0 ] ; then\n    # print error to STDERR\n    echo \"error: The sandbox is not in sync with the Podfile.lock. Run 'pod install' or update your CocoaPods installation.\" >&2\n    exit 1\nfi\n# This output is used by Xcode 'outputs' to avoid re-running this script phase.\necho \"SUCCESS\" > \"${SCRIPT_OUTPUT_FILE_0}\"\n";
			showEnvVarsInLog = 0;
		};
/* End PBXShellScriptBuildPhase section */

/* Begin PBXSourcesBuildPhase section */
		9FA0996720A0329800481CF1 /* Sources */ = {
			isa = PBXSourcesBuildPhase;
			buildActionMask = 2147483647;
			files = (
				9FA0997120A0329800481CF1 /* ViewController.swift in Sources */,
				9FA0996F20A0329800481CF1 /* AppDelegate.swift in Sources */,
				9FA0998B20A038CD00481CF1 /* CNRequestBase.swift in Sources */,
				9FA0998C20A038CD00481CF1 /* CNNetworkManager.swift in Sources */,
				9FA0998D20A038CD00481CF1 /* CNRequest.swift in Sources */,
			);
			runOnlyForDeploymentPostprocessing = 0;
		};
/* End PBXSourcesBuildPhase section */

/* Begin PBXVariantGroup section */
		9FA0997220A0329800481CF1 /* Main.storyboard */ = {
			isa = PBXVariantGroup;
			children = (
				9FA0997320A0329800481CF1 /* Base */,
			);
			name = Main.storyboard;
			sourceTree = "<group>";
		};
		9FA0997720A0329800481CF1 /* LaunchScreen.storyboard */ = {
			isa = PBXVariantGroup;
			children = (
				9FA0997820A0329800481CF1 /* Base */,
			);
			name = LaunchScreen.storyboard;
			sourceTree = "<group>";
		};
/* End PBXVariantGroup section */

/* Begin XCBuildConfiguration section */
		9FA0997B20A0329800481CF1 /* Debug */ = {
			isa = XCBuildConfiguration;
			buildSettings = {
				ALWAYS_SEARCH_USER_PATHS = NO;
				CLANG_ANALYZER_NONNULL = YES;
				CLANG_ANALYZER_NUMBER_OBJECT_CONVERSION = YES_AGGRESSIVE;
				CLANG_CXX_LANGUAGE_STANDARD = "gnu++14";
				CLANG_CXX_LIBRARY = "libc++";
				CLANG_ENABLE_MODULES = YES;
				CLANG_ENABLE_OBJC_ARC = YES;
				CLANG_WARN_BLOCK_CAPTURE_AUTORELEASING = YES;
				CLANG_WARN_BOOL_CONVERSION = YES;
				CLANG_WARN_COMMA = YES;
				CLANG_WARN_CONSTANT_CONVERSION = YES;
				CLANG_WARN_DIRECT_OBJC_ISA_USAGE = YES_ERROR;
				CLANG_WARN_DOCUMENTATION_COMMENTS = YES;
				CLANG_WARN_EMPTY_BODY = YES;
				CLANG_WARN_ENUM_CONVERSION = YES;
				CLANG_WARN_INFINITE_RECURSION = YES;
				CLANG_WARN_INT_CONVERSION = YES;
				CLANG_WARN_NON_LITERAL_NULL_CONVERSION = YES;
				CLANG_WARN_OBJC_LITERAL_CONVERSION = YES;
				CLANG_WARN_OBJC_ROOT_CLASS = YES_ERROR;
				CLANG_WARN_RANGE_LOOP_ANALYSIS = YES;
				CLANG_WARN_STRICT_PROTOTYPES = YES;
				CLANG_WARN_SUSPICIOUS_MOVE = YES;
				CLANG_WARN_UNGUARDED_AVAILABILITY = YES_AGGRESSIVE;
				CLANG_WARN_UNREACHABLE_CODE = YES;
				CLANG_WARN__DUPLICATE_METHOD_MATCH = YES;
				CODE_SIGN_IDENTITY = "iPhone Developer";
				COPY_PHASE_STRIP = NO;
				DEBUG_INFORMATION_FORMAT = dwarf;
				ENABLE_STRICT_OBJC_MSGSEND = YES;
				ENABLE_TESTABILITY = YES;
				GCC_C_LANGUAGE_STANDARD = gnu11;
				GCC_DYNAMIC_NO_PIC = NO;
				GCC_NO_COMMON_BLOCKS = YES;
				GCC_OPTIMIZATION_LEVEL = 0;
				GCC_PREPROCESSOR_DEFINITIONS = (
					"DEBUG=1",
					"$(inherited)",
				);
				GCC_WARN_64_TO_32_BIT_CONVERSION = YES;
				GCC_WARN_ABOUT_RETURN_TYPE = YES_ERROR;
				GCC_WARN_UNDECLARED_SELECTOR = YES;
				GCC_WARN_UNINITIALIZED_AUTOS = YES_AGGRESSIVE;
				GCC_WARN_UNUSED_FUNCTION = YES;
				GCC_WARN_UNUSED_VARIABLE = YES;
				IPHONEOS_DEPLOYMENT_TARGET = 8.0;
				MTL_ENABLE_DEBUG_INFO = YES;
				ONLY_ACTIVE_ARCH = YES;
				SDKROOT = iphoneos;
				SWIFT_ACTIVE_COMPILATION_CONDITIONS = DEBUG;
				SWIFT_OPTIMIZATION_LEVEL = "-Onone";
			};
			name = Debug;
		};
		9FA0997C20A0329800481CF1 /* Release */ = {
			isa = XCBuildConfiguration;
			buildSettings = {
				ALWAYS_SEARCH_USER_PATHS = NO;
				CLANG_ANALYZER_NONNULL = YES;
				CLANG_ANALYZER_NUMBER_OBJECT_CONVERSION = YES_AGGRESSIVE;
				CLANG_CXX_LANGUAGE_STANDARD = "gnu++14";
				CLANG_CXX_LIBRARY = "libc++";
				CLANG_ENABLE_MODULES = YES;
				CLANG_ENABLE_OBJC_ARC = YES;
				CLANG_WARN_BLOCK_CAPTURE_AUTORELEASING = YES;
				CLANG_WARN_BOOL_CONVERSION = YES;
				CLANG_WARN_COMMA = YES;
				CLANG_WARN_CONSTANT_CONVERSION = YES;
				CLANG_WARN_DIRECT_OBJC_ISA_USAGE = YES_ERROR;
				CLANG_WARN_DOCUMENTATION_COMMENTS = YES;
				CLANG_WARN_EMPTY_BODY = YES;
				CLANG_WARN_ENUM_CONVERSION = YES;
				CLANG_WARN_INFINITE_RECURSION = YES;
				CLANG_WARN_INT_CONVERSION = YES;
				CLANG_WARN_NON_LITERAL_NULL_CONVERSION = YES;
				CLANG_WARN_OBJC_LITERAL_CONVERSION = YES;
				CLANG_WARN_OBJC_ROOT_CLASS = YES_ERROR;
				CLANG_WARN_RANGE_LOOP_ANALYSIS = YES;
				CLANG_WARN_STRICT_PROTOTYPES = YES;
				CLANG_WARN_SUSPICIOUS_MOVE = YES;
				CLANG_WARN_UNGUARDED_AVAILABILITY = YES_AGGRESSIVE;
				CLANG_WARN_UNREACHABLE_CODE = YES;
				CLANG_WARN__DUPLICATE_METHOD_MATCH = YES;
				CODE_SIGN_IDENTITY = "iPhone Developer";
				COPY_PHASE_STRIP = NO;
				DEBUG_INFORMATION_FORMAT = "dwarf-with-dsym";
				ENABLE_NS_ASSERTIONS = NO;
				ENABLE_STRICT_OBJC_MSGSEND = YES;
				GCC_C_LANGUAGE_STANDARD = gnu11;
				GCC_NO_COMMON_BLOCKS = YES;
				GCC_WARN_64_TO_32_BIT_CONVERSION = YES;
				GCC_WARN_ABOUT_RETURN_TYPE = YES_ERROR;
				GCC_WARN_UNDECLARED_SELECTOR = YES;
				GCC_WARN_UNINITIALIZED_AUTOS = YES_AGGRESSIVE;
				GCC_WARN_UNUSED_FUNCTION = YES;
				GCC_WARN_UNUSED_VARIABLE = YES;
				IPHONEOS_DEPLOYMENT_TARGET = 8.0;
				MTL_ENABLE_DEBUG_INFO = NO;
				SDKROOT = iphoneos;
				SWIFT_OPTIMIZATION_LEVEL = "-Owholemodule";
				VALIDATE_PRODUCT = YES;
			};
			name = Release;
		};
		9FA0997E20A0329800481CF1 /* Debug */ = {
			isa = XCBuildConfiguration;
			baseConfigurationReference = 59ACB2C34F418C7475138F46 /* Pods-CNRequestDemo.debug.xcconfig */;
			buildSettings = {
				ASSETCATALOG_COMPILER_APPICON_NAME = AppIcon;
				CODE_SIGN_STYLE = Automatic;
				DEVELOPMENT_TEAM = 87X96NB2YG;
				INFOPLIST_FILE = CNRequestDemo/Info.plist;
				IPHONEOS_DEPLOYMENT_TARGET = 8.0;
				LD_RUNPATH_SEARCH_PATHS = "$(inherited) @executable_path/Frameworks";
				PRODUCT_BUNDLE_IDENTIFIER = com.xiangzhen.CNRequestDemo;
				PRODUCT_NAME = "$(TARGET_NAME)";
				SWIFT_VERSION = 4.0;
				TARGETED_DEVICE_FAMILY = "1,2";
			};
			name = Debug;
		};
		9FA0997F20A0329800481CF1 /* Release */ = {
			isa = XCBuildConfiguration;
			baseConfigurationReference = BA372BF6183148C0EF0F1AA0 /* Pods-CNRequestDemo.release.xcconfig */;
			buildSettings = {
				ASSETCATALOG_COMPILER_APPICON_NAME = AppIcon;
				CODE_SIGN_STYLE = Automatic;
				DEVELOPMENT_TEAM = 87X96NB2YG;
				INFOPLIST_FILE = CNRequestDemo/Info.plist;
				IPHONEOS_DEPLOYMENT_TARGET = 8.0;
				LD_RUNPATH_SEARCH_PATHS = "$(inherited) @executable_path/Frameworks";
				PRODUCT_BUNDLE_IDENTIFIER = com.xiangzhen.CNRequestDemo;
				PRODUCT_NAME = "$(TARGET_NAME)";
				SWIFT_VERSION = 4.0;
				TARGETED_DEVICE_FAMILY = "1,2";
			};
			name = Release;
		};
/* End XCBuildConfiguration section */

/* Begin XCConfigurationList section */
		9FA0996620A0329800481CF1 /* Build configuration list for PBXProject "CNRequestDemo" */ = {
			isa = XCConfigurationList;
			buildConfigurations = (
				9FA0997B20A0329800481CF1 /* Debug */,
				9FA0997C20A0329800481CF1 /* Release */,
			);
			defaultConfigurationIsVisible = 0;
			defaultConfigurationName = Release;
		};
		9FA0997D20A0329800481CF1 /* Build configuration list for PBXNativeTarget "CNRequestDemo" */ = {
			isa = XCConfigurationList;
			buildConfigurations = (
				9FA0997E20A0329800481CF1 /* Debug */,
				9FA0997F20A0329800481CF1 /* Release */,
			);
			defaultConfigurationIsVisible = 0;
			defaultConfigurationName = Release;
		};
/* End XCConfigurationList section */
	};
	rootObject = 9FA0996320A0329800481CF1 /* Project object */;
}
