PODS:
  - Alamofire (4.7.3)
  - CNNetwork (2.0.0):
    - Alamofire
    - RxSwift
  - RxSwift (4.3.1)

DEPENDENCIES:
  - CNNetwork (from `../`)

SPEC REPOS:
  https://github.com/cocoapods/specs.git:
    - Alamofire
    - RxSwift

EXTERNAL SOURCES:
  CNNetwork:
    :path: "../"

SPEC CHECKSUMS:
  Alamofire: c7287b6e5d7da964a70935e5db17046b7fde6568
  CNNetwork: c49d5269dcb23f43b9298891b52137aa6f8df792
  RxSwift: fe0fd770a43acdb7d0a53da411c9b892e69bb6e4

PODFILE CHECKSUM: 066ea44f6facc0827f06c2e0c92d4d723160d577

COCOAPODS: 1.6.1
