PODS:
  - Alamofire (4.7.0)
  - RxSwift (4.1.2)

DEPENDENCIES:
  - Alamofire
  - RxSwift

SPEC REPOS:
  https://github.com/CocoaPods/Specs.git:
    - Alamofire
    - RxSwift

SPEC CHECKSUMS:
  Alamofire: 907e0a98eb68cdb7f9d1f541a563d6ac5dc77b25
  RxSwift: e49536837d9901277638493ea537394d4b55f570

PODFILE CHECKSUM: fcf70ee4634385186485cba92e9ade92b024b858

COCOAPODS: 1.5.0
